<?xml version="1.0" encoding="UTF-8" standalone="yes" ?>
<CodeBlocks_project_file>
	<FileVersion major="1" minor="6" />
	<Project>
		<Option title="DbscanCEOs" />
		<Option pch_mode="2" />
		<Option compiler="gcc" />
		<Build>
			<Target title="Debug">
				<Option output="bin/Debug/DbscanCEOs" prefix_auto="1" extension_auto="1" />
				<Option object_output="obj/Debug/" />
				<Option type="1" />
				<Option compiler="gcc" />
				<Option parameters='--numPts 70000 --numDim 784 --X &quot;/home/npha145/Dataset/Clustering/mnist_all_X_Cplus&quot; --alg Optics --eps 1700 --minPts 50 --numEmbed 1024 --numProj 2048 --topKProj 2 --topMProj 1000 --dist L2 --output y_optics --sigma 2600' />
				<Compiler>
					<Add option="-O3" />
					<Add option="-g" />
					<Add option="-march=native" />
				</Compiler>
			</Target>
			<Target title="Release">
				<Option output="bin/Release/DbscanCEOs" prefix_auto="1" extension_auto="1" />
				<Option object_output="obj/Release/" />
				<Option type="1" />
				<Option compiler="gcc" />
				<Option parameters='--numPts 247208 --numDim 52 --X &quot;/home/npha145/Dataset/Clustering/pamap2_X01_cosine&quot; --alg Optics --eps 0.5 --minPts 50 --numProj 1024 --topKProj 10 --topMProj 50 --dist Cosine --output y_optics' />
				<Compiler>
					<Add option="-O3" />
					<Add option="-std=c++17" />
					<Add option="-m64" />
					<Add option="-fopenmp" />
					<Add option="-march=native" />
				</Compiler>
				<Linker>
					<Add option="-O3" />
					<Add option="-s" />
					<Add option="-m64" />
					<Add option="-lgomp -pthread" />
				</Linker>
			</Target>
		</Build>
		<Compiler>
			<Add option="-Wall" />
			<Add option="-fexceptions" />
			<Add directory="/home/npha145/Library/boost_1_78_0" />
			<Add directory="/home/npha145/Library/eigen-3.4.0" />
		</Compiler>
		<Unit filename="Dbscan.cpp" />
		<Unit filename="Dbscan.h" />
		<Unit filename="Header.cpp" />
		<Unit filename="Header.h" />
		<Unit filename="InputParser.cpp" />
		<Unit filename="InputParser.h" />
		<Unit filename="Test.cpp" />
		<Unit filename="Test.h" />
		<Unit filename="Utilities.cpp" />
		<Unit filename="Utilities.h" />
		<Unit filename="fast_copy.c">
			<Option compilerVar="CC" />
		</Unit>
		<Unit filename="fast_copy.h" />
		<Unit filename="fht.c">
			<Option compilerVar="CC" />
		</Unit>
		<Unit filename="fht.h" />
		<Unit filename="fht_impl.h" />
		<Unit filename="main.cpp" />
		<Extensions />
	</Project>
</CodeBlocks_project_file>
